{
  "name": "rpi_automation_node",
  "version": "1.0.0",
  "lockfileVersion": 2,
  "requires": true,
  "packages": {
    "": {
      "name": "rpi_automation_node",
      "version": "1.0.0",
      "license": "ISC",
      "dependencies": {
        "pi-camera": "^1.6.0"
      }
    },
    "node_modules/pi-camera": {
      "version": "1.6.0",
      "resolved": "https://registry.npmjs.org/pi-camera/-/pi-camera-1.6.0.tgz",
      "integrity": "sha512-WrnJ4R1X/5qA5/vXeou/Ty97c7urrnla03j5FhctF9nZy1lXnfYkPOsL+qDZAZcvg40cbkTE217WlHNnMMftaw==",
      "engines": {
        "node": ">=6.10.0"
      }
    }
  },
  "dependencies": {
    "pi-camera": {
      "version": "1.6.0",
      "resolved": "https://registry.npmjs.org/pi-camera/-/pi-camera-1.6.0.tgz",
      "integrity": "sha512-WrnJ4R1X/5qA5/vXeou/Ty97c7urrnla03j5FhctF9nZy1lXnfYkPOsL+qDZAZcvg40cbkTE217WlHNnMMftaw=="
    }
  }
}
